
Microsoft Visual Studio Solution File, Format Version 12.00
# Visual Studio 14
VisualStudioVersion = 14.0.25420.1
MinimumVisualStudioVersion = 10.0.40219.1
Project("{FAE04EC0-301F-11D3-BF4B-00C04F79EFBC}") = "OPCDriver", "OPCDriver\OPCDriver.csproj", "{054DB7AC-EB2C-439F-80D4-63E823B279C8}"
EndProject
Project("{FAE04EC0-301F-11D3-BF4B-00C04F79EFBC}") = "OPCLib", "OPCLib\OPCLib.csproj", "{0EC75DA7-20C7-4986-82E5-DB011C6E961B}"
EndProject
Project("{FAE04EC0-301F-11D3-BF4B-00C04F79EFBC}") = "LinkableControlDesign", "LinkableControlDesignTime\LinkableControlDesign.csproj", "{7B353BC5-028F-40D4-84D7-3D3344B6FB94}"
EndProject
Project("{FAE04EC0-301F-11D3-BF4B-00C04F79EFBC}") = "HMIControl", "HMIControl\HMIControl.csproj", "{F9F0BFA7-0C4A-4C8C-B81C-2A0477CBF637}"
EndProject
Project("{FAE04EC0-301F-11D3-BF4B-00C04F79EFBC}") = "ClientDriver", "ClientDriver\ClientDriver.csproj", "{6DF53968-152D-4CA9-B62F-FF1C27069C4D}"
EndProject
Project("{FAE04EC0-301F-11D3-BF4B-00C04F79EFBC}") = "BatchCoreService", "BatchCoreService\BatchCoreService.csproj", "{0AF1DB09-5771-4F3B-8F48-DAAA09290C0F}"
EndProject
Project("{FAE04EC0-301F-11D3-BF4B-00C04F79EFBC}") = "ServerApp", "BatchCoreTest\ServerApp.csproj", "{42D3168A-BBD0-4546-8C29-B2BECB795DA5}"
EndProject
Project("{FAE04EC0-301F-11D3-BF4B-00C04F79EFBC}") = "ClientApp", "CoreTest\ClientApp.csproj", "{31CE7714-DDF1-4FB2-A479-9818B1B8D9B2}"
EndProject
Project("{FAE04EC0-301F-11D3-BF4B-00C04F79EFBC}") = "DataHelper", "DataHelper\DataHelper.csproj", "{755C5459-BCA4-4729-A93C-0C73A41BDF3C}"
EndProject
Project("{FAE04EC0-301F-11D3-BF4B-00C04F79EFBC}") = "DataService", "DataService\DataService.csproj", "{8965E389-6466-4B30-BD43-83C909044637}"
EndProject
Project("{FAE04EC0-301F-11D3-BF4B-00C04F79EFBC}") = "FileDriver", "FileDriver\FileDriver.csproj", "{FCDB7791-F4B6-4504-91BC-4D0291E317F3}"
EndProject
Project("{FAE04EC0-301F-11D3-BF4B-00C04F79EFBC}") = "ModbusDriver", "ModbusDriver\ModbusDriver.csproj", "{AEA44301-6A29-4AF7-91E8-E6D755B618F1}"
EndProject
Project("{FAE04EC0-301F-11D3-BF4B-00C04F79EFBC}") = "SiemensPLCDriver", "SiemensPLCDriver\SiemensPLCDriver.csproj", "{9CEBFDA4-CF05-44D1-881B-13775AA46B27}"
EndProject
Project("{FAE04EC0-301F-11D3-BF4B-00C04F79EFBC}") = "TagConfig", "TagConfig\TagConfig\TagConfig.csproj", "{18F86945-9CB9-4149-A09C-85B8C5C7C4ED}"
EndProject
Project("{FAE04EC0-301F-11D3-BF4B-00C04F79EFBC}") = "PanasonicDriver", "PanasonicDriver\PanasonicDriver.csproj", "{0D1C943D-594F-4E07-AA39-90CEC4E37C8E}"
EndProject
Project("{FAE04EC0-301F-11D3-BF4B-00C04F79EFBC}") = "OmronPlcDriver", "OmronPlcDriver\OmronPlcDriver.csproj", "{BAF8082B-8DD8-4E7C-9C5B-D9213E08C3B1}"
EndProject
Project("{2150E333-8FDC-42A3-9474-1A3956D46DE8}") = "Dy.Drivers", "Dy.Drivers", "{53058982-26C0-41ED-8D5C-3570B8F6D387}"
EndProject
Project("{2150E333-8FDC-42A3-9474-1A3956D46DE8}") = "Dy.Server", "Dy.Server", "{6F333102-1DCB-47E7-A65E-F11840328DFA}"
EndProject
Project("{2150E333-8FDC-42A3-9474-1A3956D46DE8}") = "Dy.Common", "Dy.Common", "{DDC65081-7F6B-4B91-9BFC-B921921872FA}"
EndProject
Project("{2150E333-8FDC-42A3-9474-1A3956D46DE8}") = "Dy.Client", "Dy.Client", "{E7963AE5-B486-4714-9257-C3D4FAD8388F}"
EndProject
Project("{2150E333-8FDC-42A3-9474-1A3956D46DE8}") = "XlyApp", "XlyApp", "{E11A76D5-246A-404C-B40A-C62094B42C27}"
EndProject
Project("{FAE04EC0-301F-11D3-BF4B-00C04F79EFBC}") = "Business", "XlyApp\Business\Business.csproj", "{32156190-E05E-4576-B12A-8712264F4A77}"
EndProject
Project("{FAE04EC0-301F-11D3-BF4B-00C04F79EFBC}") = "Entiry", "XlyApp\Entiry\Entiry.csproj", "{700318E5-1C6A-4222-A409-15F8C4DAE9CC}"
EndProject
Project("{FAE04EC0-301F-11D3-BF4B-00C04F79EFBC}") = "WindowsApp", "XlyApp\WindowsApp\WindowsApp.csproj", "{C67696C6-1360-4E15-ABD1-188157B173B3}"
EndProject
Project("{FAE04EC0-301F-11D3-BF4B-00C04F79EFBC}") = "zxw.Excel", "XlyApp\zxw.Excel\zxw.Excel.csproj", "{F58BBD3F-7B0B-42F1-AF0C-1B9C68F23C5C}"
EndProject
Project("{FAE04EC0-301F-11D3-BF4B-00C04F79EFBC}") = "zxw.MongoDB", "XlyApp\zxw.MongoDB\zxw.MongoDB.csproj", "{3A409055-E66B-4D5E-B521-1BD50CDDC150}"
EndProject
Project("{FAE04EC0-301F-11D3-BF4B-00C04F79EFBC}") = "zxw.RdlcReport", "XlyApp\zxw.RdlcReport\zxw.RdlcReport.csproj", "{5EC79DDC-9C6F-4721-A047-1578C7CF5F20}"
EndProject
Project("{FAE04EC0-301F-11D3-BF4B-00C04F79EFBC}") = "Easy4net", "XlyApp\Easy4net\Easy4net.csproj", "{C54A1140-3F51-450A-A813-B556679934A8}"
EndProject
Global
	GlobalSection(SolutionConfigurationPlatforms) = preSolution
		Debug|Any CPU = Debug|Any CPU
		Debug|Itanium = Debug|Itanium
		Debug|Mixed Platforms = Debug|Mixed Platforms
		Debug|x64 = Debug|x64
		Debug|x86 = Debug|x86
		Release|Any CPU = Release|Any CPU
		Release|Itanium = Release|Itanium
		Release|Mixed Platforms = Release|Mixed Platforms
		Release|x64 = Release|x64
		Release|x86 = Release|x86
	EndGlobalSection
	GlobalSection(ProjectConfigurationPlatforms) = postSolution
		{054DB7AC-EB2C-439F-80D4-63E823B279C8}.Debug|Any CPU.ActiveCfg = Debug|Any CPU
		{054DB7AC-EB2C-439F-80D4-63E823B279C8}.Debug|Any CPU.Build.0 = Debug|Any CPU
		{054DB7AC-EB2C-439F-80D4-63E823B279C8}.Debug|Itanium.ActiveCfg = Debug|Any CPU
		{054DB7AC-EB2C-439F-80D4-63E823B279C8}.Debug|Mixed Platforms.ActiveCfg = Debug|Any CPU
		{054DB7AC-EB2C-439F-80D4-63E823B279C8}.Debug|Mixed Platforms.Build.0 = Debug|Any CPU
		{054DB7AC-EB2C-439F-80D4-63E823B279C8}.Debug|x64.ActiveCfg = Debug|Any CPU
		{054DB7AC-EB2C-439F-80D4-63E823B279C8}.Debug|x86.ActiveCfg = Debug|Any CPU
		{054DB7AC-EB2C-439F-80D4-63E823B279C8}.Release|Any CPU.ActiveCfg = Release|Any CPU
		{054DB7AC-EB2C-439F-80D4-63E823B279C8}.Release|Any CPU.Build.0 = Release|Any CPU
		{054DB7AC-EB2C-439F-80D4-63E823B279C8}.Release|Itanium.ActiveCfg = Release|Any CPU
		{054DB7AC-EB2C-439F-80D4-63E823B279C8}.Release|Mixed Platforms.ActiveCfg = Release|Any CPU
		{054DB7AC-EB2C-439F-80D4-63E823B279C8}.Release|Mixed Platforms.Build.0 = Release|Any CPU
		{054DB7AC-EB2C-439F-80D4-63E823B279C8}.Release|x64.ActiveCfg = Release|Any CPU
		{054DB7AC-EB2C-439F-80D4-63E823B279C8}.Release|x86.ActiveCfg = Release|Any CPU
		{0EC75DA7-20C7-4986-82E5-DB011C6E961B}.Debug|Any CPU.ActiveCfg = Debug|Any CPU
		{0EC75DA7-20C7-4986-82E5-DB011C6E961B}.Debug|Any CPU.Build.0 = Debug|Any CPU
		{0EC75DA7-20C7-4986-82E5-DB011C6E961B}.Debug|Itanium.ActiveCfg = Debug|Itanium
		{0EC75DA7-20C7-4986-82E5-DB011C6E961B}.Debug|Itanium.Build.0 = Debug|Itanium
		{0EC75DA7-20C7-4986-82E5-DB011C6E961B}.Debug|Mixed Platforms.ActiveCfg = Debug|x86
		{0EC75DA7-20C7-4986-82E5-DB011C6E961B}.Debug|Mixed Platforms.Build.0 = Debug|x86
		{0EC75DA7-20C7-4986-82E5-DB011C6E961B}.Debug|x64.ActiveCfg = Debug|x64
		{0EC75DA7-20C7-4986-82E5-DB011C6E961B}.Debug|x64.Build.0 = Debug|x64
		{0EC75DA7-20C7-4986-82E5-DB011C6E961B}.Debug|x86.ActiveCfg = Debug|x86
		{0EC75DA7-20C7-4986-82E5-DB011C6E961B}.Debug|x86.Build.0 = Debug|x86
		{0EC75DA7-20C7-4986-82E5-DB011C6E961B}.Release|Any CPU.ActiveCfg = Release|Any CPU
		{0EC75DA7-20C7-4986-82E5-DB011C6E961B}.Release|Any CPU.Build.0 = Release|Any CPU
		{0EC75DA7-20C7-4986-82E5-DB011C6E961B}.Release|Itanium.ActiveCfg = Release|Itanium
		{0EC75DA7-20C7-4986-82E5-DB011C6E961B}.Release|Itanium.Build.0 = Release|Itanium
		{0EC75DA7-20C7-4986-82E5-DB011C6E961B}.Release|Mixed Platforms.ActiveCfg = Release|x86
		{0EC75DA7-20C7-4986-82E5-DB011C6E961B}.Release|Mixed Platforms.Build.0 = Release|x86
		{0EC75DA7-20C7-4986-82E5-DB011C6E961B}.Release|x64.ActiveCfg = Release|x64
		{0EC75DA7-20C7-4986-82E5-DB011C6E961B}.Release|x64.Build.0 = Release|x64
		{0EC75DA7-20C7-4986-82E5-DB011C6E961B}.Release|x86.ActiveCfg = Release|x86
		{0EC75DA7-20C7-4986-82E5-DB011C6E961B}.Release|x86.Build.0 = Release|x86
		{7B353BC5-028F-40D4-84D7-3D3344B6FB94}.Debug|Any CPU.ActiveCfg = Debug|Any CPU
		{7B353BC5-028F-40D4-84D7-3D3344B6FB94}.Debug|Any CPU.Build.0 = Debug|Any CPU
		{7B353BC5-028F-40D4-84D7-3D3344B6FB94}.Debug|Itanium.ActiveCfg = Debug|Any CPU
		{7B353BC5-028F-40D4-84D7-3D3344B6FB94}.Debug|Mixed Platforms.ActiveCfg = Debug|Any CPU
		{7B353BC5-028F-40D4-84D7-3D3344B6FB94}.Debug|Mixed Platforms.Build.0 = Debug|Any CPU
		{7B353BC5-028F-40D4-84D7-3D3344B6FB94}.Debug|x64.ActiveCfg = Debug|Any CPU
		{7B353BC5-028F-40D4-84D7-3D3344B6FB94}.Debug|x86.ActiveCfg = Debug|Any CPU
		{7B353BC5-028F-40D4-84D7-3D3344B6FB94}.Release|Any CPU.ActiveCfg = Release|Any CPU
		{7B353BC5-028F-40D4-84D7-3D3344B6FB94}.Release|Any CPU.Build.0 = Release|Any CPU
		{7B353BC5-028F-40D4-84D7-3D3344B6FB94}.Release|Itanium.ActiveCfg = Release|Any CPU
		{7B353BC5-028F-40D4-84D7-3D3344B6FB94}.Release|Mixed Platforms.ActiveCfg = Release|Any CPU
		{7B353BC5-028F-40D4-84D7-3D3344B6FB94}.Release|Mixed Platforms.Build.0 = Release|Any CPU
		{7B353BC5-028F-40D4-84D7-3D3344B6FB94}.Release|x64.ActiveCfg = Release|Any CPU
		{7B353BC5-028F-40D4-84D7-3D3344B6FB94}.Release|x86.ActiveCfg = Release|Any CPU
		{F9F0BFA7-0C4A-4C8C-B81C-2A0477CBF637}.Debug|Any CPU.ActiveCfg = Debug|Any CPU
		{F9F0BFA7-0C4A-4C8C-B81C-2A0477CBF637}.Debug|Any CPU.Build.0 = Debug|Any CPU
		{F9F0BFA7-0C4A-4C8C-B81C-2A0477CBF637}.Debug|Itanium.ActiveCfg = Debug|Any CPU
		{F9F0BFA7-0C4A-4C8C-B81C-2A0477CBF637}.Debug|Mixed Platforms.ActiveCfg = Debug|Any CPU
		{F9F0BFA7-0C4A-4C8C-B81C-2A0477CBF637}.Debug|Mixed Platforms.Build.0 = Debug|Any CPU
		{F9F0BFA7-0C4A-4C8C-B81C-2A0477CBF637}.Debug|x64.ActiveCfg = Debug|Any CPU
		{F9F0BFA7-0C4A-4C8C-B81C-2A0477CBF637}.Debug|x86.ActiveCfg = Debug|Any CPU
		{F9F0BFA7-0C4A-4C8C-B81C-2A0477CBF637}.Release|Any CPU.ActiveCfg = Release|Any CPU
		{F9F0BFA7-0C4A-4C8C-B81C-2A0477CBF637}.Release|Any CPU.Build.0 = Release|Any CPU
		{F9F0BFA7-0C4A-4C8C-B81C-2A0477CBF637}.Release|Itanium.ActiveCfg = Release|Any CPU
		{F9F0BFA7-0C4A-4C8C-B81C-2A0477CBF637}.Release|Mixed Platforms.ActiveCfg = Release|Any CPU
		{F9F0BFA7-0C4A-4C8C-B81C-2A0477CBF637}.Release|Mixed Platforms.Build.0 = Release|Any CPU
		{F9F0BFA7-0C4A-4C8C-B81C-2A0477CBF637}.Release|x64.ActiveCfg = Release|Any CPU
		{F9F0BFA7-0C4A-4C8C-B81C-2A0477CBF637}.Release|x86.ActiveCfg = Release|Any CPU
		{6DF53968-152D-4CA9-B62F-FF1C27069C4D}.Debug|Any CPU.ActiveCfg = Debug|Any CPU
		{6DF53968-152D-4CA9-B62F-FF1C27069C4D}.Debug|Any CPU.Build.0 = Debug|Any CPU
		{6DF53968-152D-4CA9-B62F-FF1C27069C4D}.Debug|Itanium.ActiveCfg = Debug|Any CPU
		{6DF53968-152D-4CA9-B62F-FF1C27069C4D}.Debug|Mixed Platforms.ActiveCfg = Debug|Any CPU
		{6DF53968-152D-4CA9-B62F-FF1C27069C4D}.Debug|Mixed Platforms.Build.0 = Debug|Any CPU
		{6DF53968-152D-4CA9-B62F-FF1C27069C4D}.Debug|x64.ActiveCfg = Debug|Any CPU
		{6DF53968-152D-4CA9-B62F-FF1C27069C4D}.Debug|x86.ActiveCfg = Debug|Any CPU
		{6DF53968-152D-4CA9-B62F-FF1C27069C4D}.Release|Any CPU.ActiveCfg = Release|Any CPU
		{6DF53968-152D-4CA9-B62F-FF1C27069C4D}.Release|Any CPU.Build.0 = Release|Any CPU
		{6DF53968-152D-4CA9-B62F-FF1C27069C4D}.Release|Itanium.ActiveCfg = Release|Any CPU
		{6DF53968-152D-4CA9-B62F-FF1C27069C4D}.Release|Mixed Platforms.ActiveCfg = Release|Any CPU
		{6DF53968-152D-4CA9-B62F-FF1C27069C4D}.Release|Mixed Platforms.Build.0 = Release|Any CPU
		{6DF53968-152D-4CA9-B62F-FF1C27069C4D}.Release|x64.ActiveCfg = Release|Any CPU
		{6DF53968-152D-4CA9-B62F-FF1C27069C4D}.Release|x86.ActiveCfg = Release|Any CPU
		{0AF1DB09-5771-4F3B-8F48-DAAA09290C0F}.Debug|Any CPU.ActiveCfg = Debug|x86
		{0AF1DB09-5771-4F3B-8F48-DAAA09290C0F}.Debug|Any CPU.Build.0 = Debug|x86
		{0AF1DB09-5771-4F3B-8F48-DAAA09290C0F}.Debug|Itanium.ActiveCfg = Debug|x86
		{0AF1DB09-5771-4F3B-8F48-DAAA09290C0F}.Debug|Mixed Platforms.ActiveCfg = Debug|x86
		{0AF1DB09-5771-4F3B-8F48-DAAA09290C0F}.Debug|Mixed Platforms.Build.0 = Debug|x86
		{0AF1DB09-5771-4F3B-8F48-DAAA09290C0F}.Debug|x64.ActiveCfg = Debug|x86
		{0AF1DB09-5771-4F3B-8F48-DAAA09290C0F}.Debug|x86.ActiveCfg = Debug|x86
		{0AF1DB09-5771-4F3B-8F48-DAAA09290C0F}.Debug|x86.Build.0 = Debug|x86
		{0AF1DB09-5771-4F3B-8F48-DAAA09290C0F}.Release|Any CPU.ActiveCfg = Release|x86
		{0AF1DB09-5771-4F3B-8F48-DAAA09290C0F}.Release|Itanium.ActiveCfg = Release|x86
		{0AF1DB09-5771-4F3B-8F48-DAAA09290C0F}.Release|Mixed Platforms.ActiveCfg = Release|x86
		{0AF1DB09-5771-4F3B-8F48-DAAA09290C0F}.Release|Mixed Platforms.Build.0 = Release|x86
		{0AF1DB09-5771-4F3B-8F48-DAAA09290C0F}.Release|x64.ActiveCfg = Release|x86
		{0AF1DB09-5771-4F3B-8F48-DAAA09290C0F}.Release|x86.ActiveCfg = Release|x86
		{0AF1DB09-5771-4F3B-8F48-DAAA09290C0F}.Release|x86.Build.0 = Release|x86
		{42D3168A-BBD0-4546-8C29-B2BECB795DA5}.Debug|Any CPU.ActiveCfg = Debug|x86
		{42D3168A-BBD0-4546-8C29-B2BECB795DA5}.Debug|Any CPU.Build.0 = Debug|x86
		{42D3168A-BBD0-4546-8C29-B2BECB795DA5}.Debug|Itanium.ActiveCfg = Debug|x86
		{42D3168A-BBD0-4546-8C29-B2BECB795DA5}.Debug|Mixed Platforms.ActiveCfg = Debug|x86
		{42D3168A-BBD0-4546-8C29-B2BECB795DA5}.Debug|Mixed Platforms.Build.0 = Debug|x86
		{42D3168A-BBD0-4546-8C29-B2BECB795DA5}.Debug|x64.ActiveCfg = Debug|x86
		{42D3168A-BBD0-4546-8C29-B2BECB795DA5}.Debug|x86.ActiveCfg = Debug|x86
		{42D3168A-BBD0-4546-8C29-B2BECB795DA5}.Debug|x86.Build.0 = Debug|x86
		{42D3168A-BBD0-4546-8C29-B2BECB795DA5}.Release|Any CPU.ActiveCfg = Release|x86
		{42D3168A-BBD0-4546-8C29-B2BECB795DA5}.Release|Itanium.ActiveCfg = Release|x86
		{42D3168A-BBD0-4546-8C29-B2BECB795DA5}.Release|Mixed Platforms.ActiveCfg = Release|x86
		{42D3168A-BBD0-4546-8C29-B2BECB795DA5}.Release|Mixed Platforms.Build.0 = Release|x86
		{42D3168A-BBD0-4546-8C29-B2BECB795DA5}.Release|x64.ActiveCfg = Release|x86
		{42D3168A-BBD0-4546-8C29-B2BECB795DA5}.Release|x86.ActiveCfg = Release|x86
		{42D3168A-BBD0-4546-8C29-B2BECB795DA5}.Release|x86.Build.0 = Release|x86
		{31CE7714-DDF1-4FB2-A479-9818B1B8D9B2}.Debug|Any CPU.ActiveCfg = Debug|x86
		{31CE7714-DDF1-4FB2-A479-9818B1B8D9B2}.Debug|Any CPU.Build.0 = Debug|x86
		{31CE7714-DDF1-4FB2-A479-9818B1B8D9B2}.Debug|Itanium.ActiveCfg = Debug|x86
		{31CE7714-DDF1-4FB2-A479-9818B1B8D9B2}.Debug|Mixed Platforms.ActiveCfg = Debug|x86
		{31CE7714-DDF1-4FB2-A479-9818B1B8D9B2}.Debug|Mixed Platforms.Build.0 = Debug|x86
		{31CE7714-DDF1-4FB2-A479-9818B1B8D9B2}.Debug|x64.ActiveCfg = Debug|x86
		{31CE7714-DDF1-4FB2-A479-9818B1B8D9B2}.Debug|x86.ActiveCfg = Debug|x86
		{31CE7714-DDF1-4FB2-A479-9818B1B8D9B2}.Debug|x86.Build.0 = Debug|x86
		{31CE7714-DDF1-4FB2-A479-9818B1B8D9B2}.Release|Any CPU.ActiveCfg = Release|x86
		{31CE7714-DDF1-4FB2-A479-9818B1B8D9B2}.Release|Itanium.ActiveCfg = Release|x86
		{31CE7714-DDF1-4FB2-A479-9818B1B8D9B2}.Release|Mixed Platforms.ActiveCfg = Release|x86
		{31CE7714-DDF1-4FB2-A479-9818B1B8D9B2}.Release|Mixed Platforms.Build.0 = Release|x86
		{31CE7714-DDF1-4FB2-A479-9818B1B8D9B2}.Release|x64.ActiveCfg = Release|x86
		{31CE7714-DDF1-4FB2-A479-9818B1B8D9B2}.Release|x86.ActiveCfg = Release|x86
		{31CE7714-DDF1-4FB2-A479-9818B1B8D9B2}.Release|x86.Build.0 = Release|x86
		{755C5459-BCA4-4729-A93C-0C73A41BDF3C}.Debug|Any CPU.ActiveCfg = Debug|Any CPU
		{755C5459-BCA4-4729-A93C-0C73A41BDF3C}.Debug|Any CPU.Build.0 = Debug|Any CPU
		{755C5459-BCA4-4729-A93C-0C73A41BDF3C}.Debug|Itanium.ActiveCfg = Debug|Itanium
		{755C5459-BCA4-4729-A93C-0C73A41BDF3C}.Debug|Itanium.Build.0 = Debug|Itanium
		{755C5459-BCA4-4729-A93C-0C73A41BDF3C}.Debug|Mixed Platforms.ActiveCfg = Debug|x86
		{755C5459-BCA4-4729-A93C-0C73A41BDF3C}.Debug|Mixed Platforms.Build.0 = Debug|x86
		{755C5459-BCA4-4729-A93C-0C73A41BDF3C}.Debug|x64.ActiveCfg = Debug|x64
		{755C5459-BCA4-4729-A93C-0C73A41BDF3C}.Debug|x64.Build.0 = Debug|x64
		{755C5459-BCA4-4729-A93C-0C73A41BDF3C}.Debug|x86.ActiveCfg = Debug|x86
		{755C5459-BCA4-4729-A93C-0C73A41BDF3C}.Debug|x86.Build.0 = Debug|x86
		{755C5459-BCA4-4729-A93C-0C73A41BDF3C}.Release|Any CPU.ActiveCfg = Release|Any CPU
		{755C5459-BCA4-4729-A93C-0C73A41BDF3C}.Release|Any CPU.Build.0 = Release|Any CPU
		{755C5459-BCA4-4729-A93C-0C73A41BDF3C}.Release|Itanium.ActiveCfg = Release|Itanium
		{755C5459-BCA4-4729-A93C-0C73A41BDF3C}.Release|Itanium.Build.0 = Release|Itanium
		{755C5459-BCA4-4729-A93C-0C73A41BDF3C}.Release|Mixed Platforms.ActiveCfg = Release|x86
		{755C5459-BCA4-4729-A93C-0C73A41BDF3C}.Release|Mixed Platforms.Build.0 = Release|x86
		{755C5459-BCA4-4729-A93C-0C73A41BDF3C}.Release|x64.ActiveCfg = Release|x64
		{755C5459-BCA4-4729-A93C-0C73A41BDF3C}.Release|x64.Build.0 = Release|x64
		{755C5459-BCA4-4729-A93C-0C73A41BDF3C}.Release|x86.ActiveCfg = Release|x86
		{755C5459-BCA4-4729-A93C-0C73A41BDF3C}.Release|x86.Build.0 = Release|x86
		{8965E389-6466-4B30-BD43-83C909044637}.Debug|Any CPU.ActiveCfg = Debug|Any CPU
		{8965E389-6466-4B30-BD43-83C909044637}.Debug|Any CPU.Build.0 = Debug|Any CPU
		{8965E389-6466-4B30-BD43-83C909044637}.Debug|Itanium.ActiveCfg = Debug|Itanium
		{8965E389-6466-4B30-BD43-83C909044637}.Debug|Itanium.Build.0 = Debug|Itanium
		{8965E389-6466-4B30-BD43-83C909044637}.Debug|Mixed Platforms.ActiveCfg = Debug|x86
		{8965E389-6466-4B30-BD43-83C909044637}.Debug|Mixed Platforms.Build.0 = Debug|x86
		{8965E389-6466-4B30-BD43-83C909044637}.Debug|x64.ActiveCfg = Debug|x64
		{8965E389-6466-4B30-BD43-83C909044637}.Debug|x64.Build.0 = Debug|x64
		{8965E389-6466-4B30-BD43-83C909044637}.Debug|x86.ActiveCfg = Debug|x86
		{8965E389-6466-4B30-BD43-83C909044637}.Debug|x86.Build.0 = Debug|x86
		{8965E389-6466-4B30-BD43-83C909044637}.Release|Any CPU.ActiveCfg = Release|Any CPU
		{8965E389-6466-4B30-BD43-83C909044637}.Release|Any CPU.Build.0 = Release|Any CPU
		{8965E389-6466-4B30-BD43-83C909044637}.Release|Itanium.ActiveCfg = Release|Itanium
		{8965E389-6466-4B30-BD43-83C909044637}.Release|Itanium.Build.0 = Release|Itanium
		{8965E389-6466-4B30-BD43-83C909044637}.Release|Mixed Platforms.ActiveCfg = Release|x86
		{8965E389-6466-4B30-BD43-83C909044637}.Release|Mixed Platforms.Build.0 = Release|x86
		{8965E389-6466-4B30-BD43-83C909044637}.Release|x64.ActiveCfg = Release|x64
		{8965E389-6466-4B30-BD43-83C909044637}.Release|x64.Build.0 = Release|x64
		{8965E389-6466-4B30-BD43-83C909044637}.Release|x86.ActiveCfg = Release|x86
		{8965E389-6466-4B30-BD43-83C909044637}.Release|x86.Build.0 = Release|x86
		{FCDB7791-F4B6-4504-91BC-4D0291E317F3}.Debug|Any CPU.ActiveCfg = Debug|Any CPU
		{FCDB7791-F4B6-4504-91BC-4D0291E317F3}.Debug|Any CPU.Build.0 = Debug|Any CPU
		{FCDB7791-F4B6-4504-91BC-4D0291E317F3}.Debug|Itanium.ActiveCfg = Debug|Itanium
		{FCDB7791-F4B6-4504-91BC-4D0291E317F3}.Debug|Itanium.Build.0 = Debug|Itanium
		{FCDB7791-F4B6-4504-91BC-4D0291E317F3}.Debug|Mixed Platforms.ActiveCfg = Debug|Any CPU
		{FCDB7791-F4B6-4504-91BC-4D0291E317F3}.Debug|Mixed Platforms.Build.0 = Debug|Any CPU
		{FCDB7791-F4B6-4504-91BC-4D0291E317F3}.Debug|x64.ActiveCfg = Debug|x64
		{FCDB7791-F4B6-4504-91BC-4D0291E317F3}.Debug|x64.Build.0 = Debug|x64
		{FCDB7791-F4B6-4504-91BC-4D0291E317F3}.Debug|x86.ActiveCfg = Debug|Any CPU
		{FCDB7791-F4B6-4504-91BC-4D0291E317F3}.Debug|x86.Build.0 = Debug|Any CPU
		{FCDB7791-F4B6-4504-91BC-4D0291E317F3}.Release|Any CPU.ActiveCfg = Release|Any CPU
		{FCDB7791-F4B6-4504-91BC-4D0291E317F3}.Release|Any CPU.Build.0 = Release|Any CPU
		{FCDB7791-F4B6-4504-91BC-4D0291E317F3}.Release|Itanium.ActiveCfg = Release|Itanium
		{FCDB7791-F4B6-4504-91BC-4D0291E317F3}.Release|Itanium.Build.0 = Release|Itanium
		{FCDB7791-F4B6-4504-91BC-4D0291E317F3}.Release|Mixed Platforms.ActiveCfg = Release|Any CPU
		{FCDB7791-F4B6-4504-91BC-4D0291E317F3}.Release|Mixed Platforms.Build.0 = Release|Any CPU
		{FCDB7791-F4B6-4504-91BC-4D0291E317F3}.Release|x64.ActiveCfg = Release|x64
		{FCDB7791-F4B6-4504-91BC-4D0291E317F3}.Release|x64.Build.0 = Release|x64
		{FCDB7791-F4B6-4504-91BC-4D0291E317F3}.Release|x86.ActiveCfg = Release|Any CPU
		{FCDB7791-F4B6-4504-91BC-4D0291E317F3}.Release|x86.Build.0 = Release|Any CPU
		{AEA44301-6A29-4AF7-91E8-E6D755B618F1}.Debug|Any CPU.ActiveCfg = Debug|Any CPU
		{AEA44301-6A29-4AF7-91E8-E6D755B618F1}.Debug|Any CPU.Build.0 = Debug|Any CPU
		{AEA44301-6A29-4AF7-91E8-E6D755B618F1}.Debug|Itanium.ActiveCfg = Debug|Itanium
		{AEA44301-6A29-4AF7-91E8-E6D755B618F1}.Debug|Itanium.Build.0 = Debug|Itanium
		{AEA44301-6A29-4AF7-91E8-E6D755B618F1}.Debug|Mixed Platforms.ActiveCfg = Debug|Any CPU
		{AEA44301-6A29-4AF7-91E8-E6D755B618F1}.Debug|Mixed Platforms.Build.0 = Debug|Any CPU
		{AEA44301-6A29-4AF7-91E8-E6D755B618F1}.Debug|x64.ActiveCfg = Debug|x64
		{AEA44301-6A29-4AF7-91E8-E6D755B618F1}.Debug|x64.Build.0 = Debug|x64
		{AEA44301-6A29-4AF7-91E8-E6D755B618F1}.Debug|x86.ActiveCfg = Debug|Any CPU
		{AEA44301-6A29-4AF7-91E8-E6D755B618F1}.Debug|x86.Build.0 = Debug|Any CPU
		{AEA44301-6A29-4AF7-91E8-E6D755B618F1}.Release|Any CPU.ActiveCfg = Release|Any CPU
		{AEA44301-6A29-4AF7-91E8-E6D755B618F1}.Release|Any CPU.Build.0 = Release|Any CPU
		{AEA44301-6A29-4AF7-91E8-E6D755B618F1}.Release|Itanium.ActiveCfg = Release|Itanium
		{AEA44301-6A29-4AF7-91E8-E6D755B618F1}.Release|Itanium.Build.0 = Release|Itanium
		{AEA44301-6A29-4AF7-91E8-E6D755B618F1}.Release|Mixed Platforms.ActiveCfg = Release|Any CPU
		{AEA44301-6A29-4AF7-91E8-E6D755B618F1}.Release|Mixed Platforms.Build.0 = Release|Any CPU
		{AEA44301-6A29-4AF7-91E8-E6D755B618F1}.Release|x64.ActiveCfg = Release|x64
		{AEA44301-6A29-4AF7-91E8-E6D755B618F1}.Release|x64.Build.0 = Release|x64
		{AEA44301-6A29-4AF7-91E8-E6D755B618F1}.Release|x86.ActiveCfg = Release|Any CPU
		{AEA44301-6A29-4AF7-91E8-E6D755B618F1}.Release|x86.Build.0 = Release|Any CPU
		{9CEBFDA4-CF05-44D1-881B-13775AA46B27}.Debug|Any CPU.ActiveCfg = Debug|Any CPU
		{9CEBFDA4-CF05-44D1-881B-13775AA46B27}.Debug|Any CPU.Build.0 = Debug|Any CPU
		{9CEBFDA4-CF05-44D1-881B-13775AA46B27}.Debug|Itanium.ActiveCfg = Debug|Itanium
		{9CEBFDA4-CF05-44D1-881B-13775AA46B27}.Debug|Itanium.Build.0 = Debug|Itanium
		{9CEBFDA4-CF05-44D1-881B-13775AA46B27}.Debug|Mixed Platforms.ActiveCfg = Debug|Any CPU
		{9CEBFDA4-CF05-44D1-881B-13775AA46B27}.Debug|Mixed Platforms.Build.0 = Debug|Any CPU
		{9CEBFDA4-CF05-44D1-881B-13775AA46B27}.Debug|x64.ActiveCfg = Debug|x64
		{9CEBFDA4-CF05-44D1-881B-13775AA46B27}.Debug|x64.Build.0 = Debug|x64
		{9CEBFDA4-CF05-44D1-881B-13775AA46B27}.Debug|x86.ActiveCfg = Debug|Any CPU
		{9CEBFDA4-CF05-44D1-881B-13775AA46B27}.Debug|x86.Build.0 = Debug|Any CPU
		{9CEBFDA4-CF05-44D1-881B-13775AA46B27}.Release|Any CPU.ActiveCfg = Release|Any CPU
		{9CEBFDA4-CF05-44D1-881B-13775AA46B27}.Release|Any CPU.Build.0 = Release|Any CPU
		{9CEBFDA4-CF05-44D1-881B-13775AA46B27}.Release|Itanium.ActiveCfg = Release|Itanium
		{9CEBFDA4-CF05-44D1-881B-13775AA46B27}.Release|Itanium.Build.0 = Release|Itanium
		{9CEBFDA4-CF05-44D1-881B-13775AA46B27}.Release|Mixed Platforms.ActiveCfg = Release|Any CPU
		{9CEBFDA4-CF05-44D1-881B-13775AA46B27}.Release|Mixed Platforms.Build.0 = Release|Any CPU
		{9CEBFDA4-CF05-44D1-881B-13775AA46B27}.Release|x64.ActiveCfg = Release|x64
		{9CEBFDA4-CF05-44D1-881B-13775AA46B27}.Release|x64.Build.0 = Release|x64
		{9CEBFDA4-CF05-44D1-881B-13775AA46B27}.Release|x86.ActiveCfg = Release|Any CPU
		{9CEBFDA4-CF05-44D1-881B-13775AA46B27}.Release|x86.Build.0 = Release|Any CPU
		{18F86945-9CB9-4149-A09C-85B8C5C7C4ED}.Debug|Any CPU.ActiveCfg = Debug|x86
		{18F86945-9CB9-4149-A09C-85B8C5C7C4ED}.Debug|Any CPU.Build.0 = Debug|x86
		{18F86945-9CB9-4149-A09C-85B8C5C7C4ED}.Debug|Itanium.ActiveCfg = Debug|x86
		{18F86945-9CB9-4149-A09C-85B8C5C7C4ED}.Debug|Mixed Platforms.ActiveCfg = Debug|x86
		{18F86945-9CB9-4149-A09C-85B8C5C7C4ED}.Debug|Mixed Platforms.Build.0 = Debug|x86
		{18F86945-9CB9-4149-A09C-85B8C5C7C4ED}.Debug|x64.ActiveCfg = Debug|x86
		{18F86945-9CB9-4149-A09C-85B8C5C7C4ED}.Debug|x86.ActiveCfg = Debug|x86
		{18F86945-9CB9-4149-A09C-85B8C5C7C4ED}.Debug|x86.Build.0 = Debug|x86
		{18F86945-9CB9-4149-A09C-85B8C5C7C4ED}.Release|Any CPU.ActiveCfg = Release|x86
		{18F86945-9CB9-4149-A09C-85B8C5C7C4ED}.Release|Itanium.ActiveCfg = Release|x86
		{18F86945-9CB9-4149-A09C-85B8C5C7C4ED}.Release|Mixed Platforms.ActiveCfg = Release|x86
		{18F86945-9CB9-4149-A09C-85B8C5C7C4ED}.Release|Mixed Platforms.Build.0 = Release|x86
		{18F86945-9CB9-4149-A09C-85B8C5C7C4ED}.Release|x64.ActiveCfg = Release|x86
		{18F86945-9CB9-4149-A09C-85B8C5C7C4ED}.Release|x86.ActiveCfg = Release|x86
		{18F86945-9CB9-4149-A09C-85B8C5C7C4ED}.Release|x86.Build.0 = Release|x86
		{0D1C943D-594F-4E07-AA39-90CEC4E37C8E}.Debug|Any CPU.ActiveCfg = Debug|Any CPU
		{0D1C943D-594F-4E07-AA39-90CEC4E37C8E}.Debug|Any CPU.Build.0 = Debug|Any CPU
		{0D1C943D-594F-4E07-AA39-90CEC4E37C8E}.Debug|Itanium.ActiveCfg = Debug|Any CPU
		{0D1C943D-594F-4E07-AA39-90CEC4E37C8E}.Debug|Itanium.Build.0 = Debug|Any CPU
		{0D1C943D-594F-4E07-AA39-90CEC4E37C8E}.Debug|Mixed Platforms.ActiveCfg = Debug|Any CPU
		{0D1C943D-594F-4E07-AA39-90CEC4E37C8E}.Debug|Mixed Platforms.Build.0 = Debug|Any CPU
		{0D1C943D-594F-4E07-AA39-90CEC4E37C8E}.Debug|x64.ActiveCfg = Debug|Any CPU
		{0D1C943D-594F-4E07-AA39-90CEC4E37C8E}.Debug|x64.Build.0 = Debug|Any CPU
		{0D1C943D-594F-4E07-AA39-90CEC4E37C8E}.Debug|x86.ActiveCfg = Debug|Any CPU
		{0D1C943D-594F-4E07-AA39-90CEC4E37C8E}.Debug|x86.Build.0 = Debug|Any CPU
		{0D1C943D-594F-4E07-AA39-90CEC4E37C8E}.Release|Any CPU.ActiveCfg = Release|Any CPU
		{0D1C943D-594F-4E07-AA39-90CEC4E37C8E}.Release|Any CPU.Build.0 = Release|Any CPU
		{0D1C943D-594F-4E07-AA39-90CEC4E37C8E}.Release|Itanium.ActiveCfg = Release|Any CPU
		{0D1C943D-594F-4E07-AA39-90CEC4E37C8E}.Release|Itanium.Build.0 = Release|Any CPU
		{0D1C943D-594F-4E07-AA39-90CEC4E37C8E}.Release|Mixed Platforms.ActiveCfg = Release|Any CPU
		{0D1C943D-594F-4E07-AA39-90CEC4E37C8E}.Release|Mixed Platforms.Build.0 = Release|Any CPU
		{0D1C943D-594F-4E07-AA39-90CEC4E37C8E}.Release|x64.ActiveCfg = Release|Any CPU
		{0D1C943D-594F-4E07-AA39-90CEC4E37C8E}.Release|x64.Build.0 = Release|Any CPU
		{0D1C943D-594F-4E07-AA39-90CEC4E37C8E}.Release|x86.ActiveCfg = Release|Any CPU
		{0D1C943D-594F-4E07-AA39-90CEC4E37C8E}.Release|x86.Build.0 = Release|Any CPU
		{BAF8082B-8DD8-4E7C-9C5B-D9213E08C3B1}.Debug|Any CPU.ActiveCfg = Debug|Any CPU
		{BAF8082B-8DD8-4E7C-9C5B-D9213E08C3B1}.Debug|Any CPU.Build.0 = Debug|Any CPU
		{BAF8082B-8DD8-4E7C-9C5B-D9213E08C3B1}.Debug|Itanium.ActiveCfg = Debug|Any CPU
		{BAF8082B-8DD8-4E7C-9C5B-D9213E08C3B1}.Debug|Itanium.Build.0 = Debug|Any CPU
		{BAF8082B-8DD8-4E7C-9C5B-D9213E08C3B1}.Debug|Mixed Platforms.ActiveCfg = Debug|Any CPU
		{BAF8082B-8DD8-4E7C-9C5B-D9213E08C3B1}.Debug|Mixed Platforms.Build.0 = Debug|Any CPU
		{BAF8082B-8DD8-4E7C-9C5B-D9213E08C3B1}.Debug|x64.ActiveCfg = Debug|Any CPU
		{BAF8082B-8DD8-4E7C-9C5B-D9213E08C3B1}.Debug|x64.Build.0 = Debug|Any CPU
		{BAF8082B-8DD8-4E7C-9C5B-D9213E08C3B1}.Debug|x86.ActiveCfg = Debug|Any CPU
		{BAF8082B-8DD8-4E7C-9C5B-D9213E08C3B1}.Debug|x86.Build.0 = Debug|Any CPU
		{BAF8082B-8DD8-4E7C-9C5B-D9213E08C3B1}.Release|Any CPU.ActiveCfg = Release|Any CPU
		{BAF8082B-8DD8-4E7C-9C5B-D9213E08C3B1}.Release|Any CPU.Build.0 = Release|Any CPU
		{BAF8082B-8DD8-4E7C-9C5B-D9213E08C3B1}.Release|Itanium.ActiveCfg = Release|Any CPU
		{BAF8082B-8DD8-4E7C-9C5B-D9213E08C3B1}.Release|Itanium.Build.0 = Release|Any CPU
		{BAF8082B-8DD8-4E7C-9C5B-D9213E08C3B1}.Release|Mixed Platforms.ActiveCfg = Release|Any CPU
		{BAF8082B-8DD8-4E7C-9C5B-D9213E08C3B1}.Release|Mixed Platforms.Build.0 = Release|Any CPU
		{BAF8082B-8DD8-4E7C-9C5B-D9213E08C3B1}.Release|x64.ActiveCfg = Release|Any CPU
		{BAF8082B-8DD8-4E7C-9C5B-D9213E08C3B1}.Release|x64.Build.0 = Release|Any CPU
		{BAF8082B-8DD8-4E7C-9C5B-D9213E08C3B1}.Release|x86.ActiveCfg = Release|Any CPU
		{BAF8082B-8DD8-4E7C-9C5B-D9213E08C3B1}.Release|x86.Build.0 = Release|Any CPU
		{32156190-E05E-4576-B12A-8712264F4A77}.Debug|Any CPU.ActiveCfg = Debug|Any CPU
		{32156190-E05E-4576-B12A-8712264F4A77}.Debug|Any CPU.Build.0 = Debug|Any CPU
		{32156190-E05E-4576-B12A-8712264F4A77}.Debug|Itanium.ActiveCfg = Debug|Any CPU
		{32156190-E05E-4576-B12A-8712264F4A77}.Debug|Itanium.Build.0 = Debug|Any CPU
		{32156190-E05E-4576-B12A-8712264F4A77}.Debug|Mixed Platforms.ActiveCfg = Debug|Any CPU
		{32156190-E05E-4576-B12A-8712264F4A77}.Debug|Mixed Platforms.Build.0 = Debug|Any CPU
		{32156190-E05E-4576-B12A-8712264F4A77}.Debug|x64.ActiveCfg = Debug|Any CPU
		{32156190-E05E-4576-B12A-8712264F4A77}.Debug|x64.Build.0 = Debug|Any CPU
		{32156190-E05E-4576-B12A-8712264F4A77}.Debug|x86.ActiveCfg = Debug|Any CPU
		{32156190-E05E-4576-B12A-8712264F4A77}.Debug|x86.Build.0 = Debug|Any CPU
		{32156190-E05E-4576-B12A-8712264F4A77}.Release|Any CPU.ActiveCfg = Release|Any CPU
		{32156190-E05E-4576-B12A-8712264F4A77}.Release|Any CPU.Build.0 = Release|Any CPU
		{32156190-E05E-4576-B12A-8712264F4A77}.Release|Itanium.ActiveCfg = Release|Any CPU
		{32156190-E05E-4576-B12A-8712264F4A77}.Release|Itanium.Build.0 = Release|Any CPU
		{32156190-E05E-4576-B12A-8712264F4A77}.Release|Mixed Platforms.ActiveCfg = Release|Any CPU
		{32156190-E05E-4576-B12A-8712264F4A77}.Release|Mixed Platforms.Build.0 = Release|Any CPU
		{32156190-E05E-4576-B12A-8712264F4A77}.Release|x64.ActiveCfg = Release|Any CPU
		{32156190-E05E-4576-B12A-8712264F4A77}.Release|x64.Build.0 = Release|Any CPU
		{32156190-E05E-4576-B12A-8712264F4A77}.Release|x86.ActiveCfg = Release|Any CPU
		{32156190-E05E-4576-B12A-8712264F4A77}.Release|x86.Build.0 = Release|Any CPU
		{700318E5-1C6A-4222-A409-15F8C4DAE9CC}.Debug|Any CPU.ActiveCfg = Debug|Any CPU
		{700318E5-1C6A-4222-A409-15F8C4DAE9CC}.Debug|Any CPU.Build.0 = Debug|Any CPU
		{700318E5-1C6A-4222-A409-15F8C4DAE9CC}.Debug|Itanium.ActiveCfg = Debug|Any CPU
		{700318E5-1C6A-4222-A409-15F8C4DAE9CC}.Debug|Itanium.Build.0 = Debug|Any CPU
		{700318E5-1C6A-4222-A409-15F8C4DAE9CC}.Debug|Mixed Platforms.ActiveCfg = Debug|Any CPU
		{700318E5-1C6A-4222-A409-15F8C4DAE9CC}.Debug|Mixed Platforms.Build.0 = Debug|Any CPU
		{700318E5-1C6A-4222-A409-15F8C4DAE9CC}.Debug|x64.ActiveCfg = Debug|Any CPU
		{700318E5-1C6A-4222-A409-15F8C4DAE9CC}.Debug|x64.Build.0 = Debug|Any CPU
		{700318E5-1C6A-4222-A409-15F8C4DAE9CC}.Debug|x86.ActiveCfg = Debug|Any CPU
		{700318E5-1C6A-4222-A409-15F8C4DAE9CC}.Debug|x86.Build.0 = Debug|Any CPU
		{700318E5-1C6A-4222-A409-15F8C4DAE9CC}.Release|Any CPU.ActiveCfg = Release|Any CPU
		{700318E5-1C6A-4222-A409-15F8C4DAE9CC}.Release|Any CPU.Build.0 = Release|Any CPU
		{700318E5-1C6A-4222-A409-15F8C4DAE9CC}.Release|Itanium.ActiveCfg = Release|Any CPU
		{700318E5-1C6A-4222-A409-15F8C4DAE9CC}.Release|Itanium.Build.0 = Release|Any CPU
		{700318E5-1C6A-4222-A409-15F8C4DAE9CC}.Release|Mixed Platforms.ActiveCfg = Release|Any CPU
		{700318E5-1C6A-4222-A409-15F8C4DAE9CC}.Release|Mixed Platforms.Build.0 = Release|Any CPU
		{700318E5-1C6A-4222-A409-15F8C4DAE9CC}.Release|x64.ActiveCfg = Release|Any CPU
		{700318E5-1C6A-4222-A409-15F8C4DAE9CC}.Release|x64.Build.0 = Release|Any CPU
		{700318E5-1C6A-4222-A409-15F8C4DAE9CC}.Release|x86.ActiveCfg = Release|Any CPU
		{700318E5-1C6A-4222-A409-15F8C4DAE9CC}.Release|x86.Build.0 = Release|Any CPU
		{C67696C6-1360-4E15-ABD1-188157B173B3}.Debug|Any CPU.ActiveCfg = Debug|x86
		{C67696C6-1360-4E15-ABD1-188157B173B3}.Debug|Any CPU.Build.0 = Debug|x86
		{C67696C6-1360-4E15-ABD1-188157B173B3}.Debug|Itanium.ActiveCfg = Debug|x86
		{C67696C6-1360-4E15-ABD1-188157B173B3}.Debug|Mixed Platforms.ActiveCfg = Debug|x86
		{C67696C6-1360-4E15-ABD1-188157B173B3}.Debug|Mixed Platforms.Build.0 = Debug|x86
		{C67696C6-1360-4E15-ABD1-188157B173B3}.Debug|x64.ActiveCfg = Debug|x86
		{C67696C6-1360-4E15-ABD1-188157B173B3}.Debug|x86.ActiveCfg = Debug|x86
		{C67696C6-1360-4E15-ABD1-188157B173B3}.Debug|x86.Build.0 = Debug|x86
		{C67696C6-1360-4E15-ABD1-188157B173B3}.Release|Any CPU.ActiveCfg = Release|x86
		{C67696C6-1360-4E15-ABD1-188157B173B3}.Release|Itanium.ActiveCfg = Release|x86
		{C67696C6-1360-4E15-ABD1-188157B173B3}.Release|Mixed Platforms.ActiveCfg = Release|x86
		{C67696C6-1360-4E15-ABD1-188157B173B3}.Release|Mixed Platforms.Build.0 = Release|x86
		{C67696C6-1360-4E15-ABD1-188157B173B3}.Release|x64.ActiveCfg = Release|x86
		{C67696C6-1360-4E15-ABD1-188157B173B3}.Release|x86.ActiveCfg = Release|x86
		{C67696C6-1360-4E15-ABD1-188157B173B3}.Release|x86.Build.0 = Release|x86
		{F58BBD3F-7B0B-42F1-AF0C-1B9C68F23C5C}.Debug|Any CPU.ActiveCfg = Debug|Any CPU
		{F58BBD3F-7B0B-42F1-AF0C-1B9C68F23C5C}.Debug|Any CPU.Build.0 = Debug|Any CPU
		{F58BBD3F-7B0B-42F1-AF0C-1B9C68F23C5C}.Debug|Itanium.ActiveCfg = Debug|Any CPU
		{F58BBD3F-7B0B-42F1-AF0C-1B9C68F23C5C}.Debug|Itanium.Build.0 = Debug|Any CPU
		{F58BBD3F-7B0B-42F1-AF0C-1B9C68F23C5C}.Debug|Mixed Platforms.ActiveCfg = Debug|Any CPU
		{F58BBD3F-7B0B-42F1-AF0C-1B9C68F23C5C}.Debug|Mixed Platforms.Build.0 = Debug|Any CPU
		{F58BBD3F-7B0B-42F1-AF0C-1B9C68F23C5C}.Debug|x64.ActiveCfg = Debug|Any CPU
		{F58BBD3F-7B0B-42F1-AF0C-1B9C68F23C5C}.Debug|x64.Build.0 = Debug|Any CPU
		{F58BBD3F-7B0B-42F1-AF0C-1B9C68F23C5C}.Debug|x86.ActiveCfg = Debug|Any CPU
		{F58BBD3F-7B0B-42F1-AF0C-1B9C68F23C5C}.Debug|x86.Build.0 = Debug|Any CPU
		{F58BBD3F-7B0B-42F1-AF0C-1B9C68F23C5C}.Release|Any CPU.ActiveCfg = Release|Any CPU
		{F58BBD3F-7B0B-42F1-AF0C-1B9C68F23C5C}.Release|Any CPU.Build.0 = Release|Any CPU
		{F58BBD3F-7B0B-42F1-AF0C-1B9C68F23C5C}.Release|Itanium.ActiveCfg = Release|Any CPU
		{F58BBD3F-7B0B-42F1-AF0C-1B9C68F23C5C}.Release|Itanium.Build.0 = Release|Any CPU
		{F58BBD3F-7B0B-42F1-AF0C-1B9C68F23C5C}.Release|Mixed Platforms.ActiveCfg = Release|Any CPU
		{F58BBD3F-7B0B-42F1-AF0C-1B9C68F23C5C}.Release|Mixed Platforms.Build.0 = Release|Any CPU
		{F58BBD3F-7B0B-42F1-AF0C-1B9C68F23C5C}.Release|x64.ActiveCfg = Release|Any CPU
		{F58BBD3F-7B0B-42F1-AF0C-1B9C68F23C5C}.Release|x64.Build.0 = Release|Any CPU
		{F58BBD3F-7B0B-42F1-AF0C-1B9C68F23C5C}.Release|x86.ActiveCfg = Release|Any CPU
		{F58BBD3F-7B0B-42F1-AF0C-1B9C68F23C5C}.Release|x86.Build.0 = Release|Any CPU
		{3A409055-E66B-4D5E-B521-1BD50CDDC150}.Debug|Any CPU.ActiveCfg = Debug|Any CPU
		{3A409055-E66B-4D5E-B521-1BD50CDDC150}.Debug|Any CPU.Build.0 = Debug|Any CPU
		{3A409055-E66B-4D5E-B521-1BD50CDDC150}.Debug|Itanium.ActiveCfg = Debug|Any CPU
		{3A409055-E66B-4D5E-B521-1BD50CDDC150}.Debug|Itanium.Build.0 = Debug|Any CPU
		{3A409055-E66B-4D5E-B521-1BD50CDDC150}.Debug|Mixed Platforms.ActiveCfg = Debug|Any CPU
		{3A409055-E66B-4D5E-B521-1BD50CDDC150}.Debug|Mixed Platforms.Build.0 = Debug|Any CPU
		{3A409055-E66B-4D5E-B521-1BD50CDDC150}.Debug|x64.ActiveCfg = Debug|Any CPU
		{3A409055-E66B-4D5E-B521-1BD50CDDC150}.Debug|x64.Build.0 = Debug|Any CPU
		{3A409055-E66B-4D5E-B521-1BD50CDDC150}.Debug|x86.ActiveCfg = Debug|Any CPU
		{3A409055-E66B-4D5E-B521-1BD50CDDC150}.Debug|x86.Build.0 = Debug|Any CPU
		{3A409055-E66B-4D5E-B521-1BD50CDDC150}.Release|Any CPU.ActiveCfg = Release|Any CPU
		{3A409055-E66B-4D5E-B521-1BD50CDDC150}.Release|Any CPU.Build.0 = Release|Any CPU
		{3A409055-E66B-4D5E-B521-1BD50CDDC150}.Release|Itanium.ActiveCfg = Release|Any CPU
		{3A409055-E66B-4D5E-B521-1BD50CDDC150}.Release|Itanium.Build.0 = Release|Any CPU
		{3A409055-E66B-4D5E-B521-1BD50CDDC150}.Release|Mixed Platforms.ActiveCfg = Release|Any CPU
		{3A409055-E66B-4D5E-B521-1BD50CDDC150}.Release|Mixed Platforms.Build.0 = Release|Any CPU
		{3A409055-E66B-4D5E-B521-1BD50CDDC150}.Release|x64.ActiveCfg = Release|Any CPU
		{3A409055-E66B-4D5E-B521-1BD50CDDC150}.Release|x64.Build.0 = Release|Any CPU
		{3A409055-E66B-4D5E-B521-1BD50CDDC150}.Release|x86.ActiveCfg = Release|Any CPU
		{3A409055-E66B-4D5E-B521-1BD50CDDC150}.Release|x86.Build.0 = Release|Any CPU
		{5EC79DDC-9C6F-4721-A047-1578C7CF5F20}.Debug|Any CPU.ActiveCfg = Debug|Any CPU
		{5EC79DDC-9C6F-4721-A047-1578C7CF5F20}.Debug|Any CPU.Build.0 = Debug|Any CPU
		{5EC79DDC-9C6F-4721-A047-1578C7CF5F20}.Debug|Itanium.ActiveCfg = Debug|Any CPU
		{5EC79DDC-9C6F-4721-A047-1578C7CF5F20}.Debug|Itanium.Build.0 = Debug|Any CPU
		{5EC79DDC-9C6F-4721-A047-1578C7CF5F20}.Debug|Mixed Platforms.ActiveCfg = Debug|Any CPU
		{5EC79DDC-9C6F-4721-A047-1578C7CF5F20}.Debug|Mixed Platforms.Build.0 = Debug|Any CPU
		{5EC79DDC-9C6F-4721-A047-1578C7CF5F20}.Debug|x64.ActiveCfg = Debug|Any CPU
		{5EC79DDC-9C6F-4721-A047-1578C7CF5F20}.Debug|x64.Build.0 = Debug|Any CPU
		{5EC79DDC-9C6F-4721-A047-1578C7CF5F20}.Debug|x86.ActiveCfg = Debug|Any CPU
		{5EC79DDC-9C6F-4721-A047-1578C7CF5F20}.Debug|x86.Build.0 = Debug|Any CPU
		{5EC79DDC-9C6F-4721-A047-1578C7CF5F20}.Release|Any CPU.ActiveCfg = Release|Any CPU
		{5EC79DDC-9C6F-4721-A047-1578C7CF5F20}.Release|Any CPU.Build.0 = Release|Any CPU
		{5EC79DDC-9C6F-4721-A047-1578C7CF5F20}.Release|Itanium.ActiveCfg = Release|Any CPU
		{5EC79DDC-9C6F-4721-A047-1578C7CF5F20}.Release|Itanium.Build.0 = Release|Any CPU
		{5EC79DDC-9C6F-4721-A047-1578C7CF5F20}.Release|Mixed Platforms.ActiveCfg = Release|Any CPU
		{5EC79DDC-9C6F-4721-A047-1578C7CF5F20}.Release|Mixed Platforms.Build.0 = Release|Any CPU
		{5EC79DDC-9C6F-4721-A047-1578C7CF5F20}.Release|x64.ActiveCfg = Release|Any CPU
		{5EC79DDC-9C6F-4721-A047-1578C7CF5F20}.Release|x64.Build.0 = Release|Any CPU
		{5EC79DDC-9C6F-4721-A047-1578C7CF5F20}.Release|x86.ActiveCfg = Release|Any CPU
		{5EC79DDC-9C6F-4721-A047-1578C7CF5F20}.Release|x86.Build.0 = Release|Any CPU
		{C54A1140-3F51-450A-A813-B556679934A8}.Debug|Any CPU.ActiveCfg = Debug|Any CPU
		{C54A1140-3F51-450A-A813-B556679934A8}.Debug|Any CPU.Build.0 = Debug|Any CPU
		{C54A1140-3F51-450A-A813-B556679934A8}.Debug|Itanium.ActiveCfg = Debug|Any CPU
		{C54A1140-3F51-450A-A813-B556679934A8}.Debug|Itanium.Build.0 = Debug|Any CPU
		{C54A1140-3F51-450A-A813-B556679934A8}.Debug|Mixed Platforms.ActiveCfg = Debug|Any CPU
		{C54A1140-3F51-450A-A813-B556679934A8}.Debug|Mixed Platforms.Build.0 = Debug|Any CPU
		{C54A1140-3F51-450A-A813-B556679934A8}.Debug|x64.ActiveCfg = Debug|Any CPU
		{C54A1140-3F51-450A-A813-B556679934A8}.Debug|x64.Build.0 = Debug|Any CPU
		{C54A1140-3F51-450A-A813-B556679934A8}.Debug|x86.ActiveCfg = Debug|Any CPU
		{C54A1140-3F51-450A-A813-B556679934A8}.Debug|x86.Build.0 = Debug|Any CPU
		{C54A1140-3F51-450A-A813-B556679934A8}.Release|Any CPU.ActiveCfg = Release|Any CPU
		{C54A1140-3F51-450A-A813-B556679934A8}.Release|Any CPU.Build.0 = Release|Any CPU
		{C54A1140-3F51-450A-A813-B556679934A8}.Release|Itanium.ActiveCfg = Release|Any CPU
		{C54A1140-3F51-450A-A813-B556679934A8}.Release|Itanium.Build.0 = Release|Any CPU
		{C54A1140-3F51-450A-A813-B556679934A8}.Release|Mixed Platforms.ActiveCfg = Release|Any CPU
		{C54A1140-3F51-450A-A813-B556679934A8}.Release|Mixed Platforms.Build.0 = Release|Any CPU
		{C54A1140-3F51-450A-A813-B556679934A8}.Release|x64.ActiveCfg = Release|Any CPU
		{C54A1140-3F51-450A-A813-B556679934A8}.Release|x64.Build.0 = Release|Any CPU
		{C54A1140-3F51-450A-A813-B556679934A8}.Release|x86.ActiveCfg = Release|Any CPU
		{C54A1140-3F51-450A-A813-B556679934A8}.Release|x86.Build.0 = Release|Any CPU
	EndGlobalSection
	GlobalSection(SolutionProperties) = preSolution
		HideSolutionNode = FALSE
	EndGlobalSection
	GlobalSection(NestedProjects) = preSolution
		{054DB7AC-EB2C-439F-80D4-63E823B279C8} = {53058982-26C0-41ED-8D5C-3570B8F6D387}
		{0EC75DA7-20C7-4986-82E5-DB011C6E961B} = {53058982-26C0-41ED-8D5C-3570B8F6D387}
		{7B353BC5-028F-40D4-84D7-3D3344B6FB94} = {E7963AE5-B486-4714-9257-C3D4FAD8388F}
		{F9F0BFA7-0C4A-4C8C-B81C-2A0477CBF637} = {E7963AE5-B486-4714-9257-C3D4FAD8388F}
		{6DF53968-152D-4CA9-B62F-FF1C27069C4D} = {E7963AE5-B486-4714-9257-C3D4FAD8388F}
		{0AF1DB09-5771-4F3B-8F48-DAAA09290C0F} = {6F333102-1DCB-47E7-A65E-F11840328DFA}
		{42D3168A-BBD0-4546-8C29-B2BECB795DA5} = {6F333102-1DCB-47E7-A65E-F11840328DFA}
		{31CE7714-DDF1-4FB2-A479-9818B1B8D9B2} = {E7963AE5-B486-4714-9257-C3D4FAD8388F}
		{755C5459-BCA4-4729-A93C-0C73A41BDF3C} = {DDC65081-7F6B-4B91-9BFC-B921921872FA}
		{8965E389-6466-4B30-BD43-83C909044637} = {DDC65081-7F6B-4B91-9BFC-B921921872FA}
		{FCDB7791-F4B6-4504-91BC-4D0291E317F3} = {53058982-26C0-41ED-8D5C-3570B8F6D387}
		{AEA44301-6A29-4AF7-91E8-E6D755B618F1} = {53058982-26C0-41ED-8D5C-3570B8F6D387}
		{9CEBFDA4-CF05-44D1-881B-13775AA46B27} = {53058982-26C0-41ED-8D5C-3570B8F6D387}
		{18F86945-9CB9-4149-A09C-85B8C5C7C4ED} = {6F333102-1DCB-47E7-A65E-F11840328DFA}
		{0D1C943D-594F-4E07-AA39-90CEC4E37C8E} = {53058982-26C0-41ED-8D5C-3570B8F6D387}
		{BAF8082B-8DD8-4E7C-9C5B-D9213E08C3B1} = {53058982-26C0-41ED-8D5C-3570B8F6D387}
		{32156190-E05E-4576-B12A-8712264F4A77} = {E11A76D5-246A-404C-B40A-C62094B42C27}
		{700318E5-1C6A-4222-A409-15F8C4DAE9CC} = {E11A76D5-246A-404C-B40A-C62094B42C27}
		{C67696C6-1360-4E15-ABD1-188157B173B3} = {E11A76D5-246A-404C-B40A-C62094B42C27}
		{F58BBD3F-7B0B-42F1-AF0C-1B9C68F23C5C} = {E11A76D5-246A-404C-B40A-C62094B42C27}
		{3A409055-E66B-4D5E-B521-1BD50CDDC150} = {E11A76D5-246A-404C-B40A-C62094B42C27}
		{5EC79DDC-9C6F-4721-A047-1578C7CF5F20} = {E11A76D5-246A-404C-B40A-C62094B42C27}
		{C54A1140-3F51-450A-A813-B556679934A8} = {E11A76D5-246A-404C-B40A-C62094B42C27}
	EndGlobalSection
EndGlobal
